
Microsoft Visual Studio Solution File, Format Version 12.00
# Visual Studio Version 17
VisualStudioVersion = 17.4.33213.308
MinimumVisualStudioVersion = 10.0.40219.1
Project("{FAE04EC0-301F-11D3-BF4B-00C04F79EFBC}") = "Separador_de_numeros_pares_e_impares", "Separador_de_numeros_pares_e_impares\Separador_de_numeros_pares_e_impares.csproj", "{7DD8CB79-92CC-4499-A7FD-865186A790ED}"
EndProject
Global
	GlobalSection(SolutionConfigurationPlatforms) = preSolution
		Debug|Any CPU = Debug|Any CPU
		Release|Any CPU = Release|Any CPU
	EndGlobalSection
	GlobalSection(ProjectConfigurationPlatforms) = postSolution
		{7DD8CB79-92CC-4499-A7FD-865186A790ED}.Debug|Any CPU.ActiveCfg = Debug|Any CPU
		{7DD8CB79-92CC-4499-A7FD-865186A790ED}.Debug|Any CPU.Build.0 = Debug|Any CPU
		{7DD8CB79-92CC-4499-A7FD-865186A790ED}.Release|Any CPU.ActiveCfg = Release|Any CPU
		{7DD8CB79-92CC-4499-A7FD-865186A790ED}.Release|Any CPU.Build.0 = Release|Any CPU
	EndGlobalSection
	GlobalSection(SolutionProperties) = preSolution
		HideSolutionNode = FALSE
	EndGlobalSection
	GlobalSection(ExtensibilityGlobals) = postSolution
		SolutionGuid = {CCA56F33-9E42-4245-867B-3AD935699800}
	EndGlobalSection
EndGlobal
